
Microsoft Visual Studio Solution File, Format Version 12.00
# Visual Studio Version 17
VisualStudioVersion = 17.1.32328.378
MinimumVisualStudioVersion = 10.0.40219.1
Project("{FAE04EC0-301F-11D3-BF4B-00C04F79EFBC}") = "Darmangah_Sandogh", "Darmangah_Sandogh\Darmangah_Sandogh.csproj", "{F4982E0C-A410-4B74-9729-F4E607286451}"
EndProject
Project("{FAE04EC0-301F-11D3-BF4B-00C04F79EFBC}") = "RadinUpdater", "RadinUpdater\RadinUpdater.csproj", "{1ED71B29-99EE-40C4-9FDA-C3177690A57A}"
EndProject
Project("{FAE04EC0-301F-11D3-BF4B-00C04F79EFBC}") = "RescueMode", "RescueMode\RescueMode\RescueMode.csproj", "{5C0449CB-E383-40FC-B7A0-0BCAD5378372}"
EndProject
Global
	GlobalSection(SolutionConfigurationPlatforms) = preSolution
		Debug|Any CPU = Debug|Any CPU
		Release|Any CPU = Release|Any CPU
	EndGlobalSection
	GlobalSection(ProjectConfigurationPlatforms) = postSolution
		{F4982E0C-A410-4B74-9729-F4E607286451}.Debug|Any CPU.ActiveCfg = Debug|Any CPU
		{F4982E0C-A410-4B74-9729-F4E607286451}.Debug|Any CPU.Build.0 = Debug|Any CPU
		{F4982E0C-A410-4B74-9729-F4E607286451}.Release|Any CPU.ActiveCfg = Release|Any CPU
		{F4982E0C-A410-4B74-9729-F4E607286451}.Release|Any CPU.Build.0 = Release|Any CPU
		{1ED71B29-99EE-40C4-9FDA-C3177690A57A}.Debug|Any CPU.ActiveCfg = Debug|Any CPU
		{1ED71B29-99EE-40C4-9FDA-C3177690A57A}.Debug|Any CPU.Build.0 = Debug|Any CPU
		{1ED71B29-99EE-40C4-9FDA-C3177690A57A}.Release|Any CPU.ActiveCfg = Release|Any CPU
		{1ED71B29-99EE-40C4-9FDA-C3177690A57A}.Release|Any CPU.Build.0 = Release|Any CPU
		{5C0449CB-E383-40FC-B7A0-0BCAD5378372}.Debug|Any CPU.ActiveCfg = Debug|Any CPU
		{5C0449CB-E383-40FC-B7A0-0BCAD5378372}.Debug|Any CPU.Build.0 = Debug|Any CPU
		{5C0449CB-E383-40FC-B7A0-0BCAD5378372}.Release|Any CPU.ActiveCfg = Release|Any CPU
		{5C0449CB-E383-40FC-B7A0-0BCAD5378372}.Release|Any CPU.Build.0 = Release|Any CPU
	EndGlobalSection
	GlobalSection(SolutionProperties) = preSolution
		HideSolutionNode = FALSE
	EndGlobalSection
	GlobalSection(ExtensibilityGlobals) = postSolution
		SolutionGuid = {3FFF4A36-CEAD-4A3D-85E5-60A11C836926}
	EndGlobalSection
EndGlobal
